
Microsoft Visual Studio Solution File, Format Version 12.00
# Visual Studio Version 16
VisualStudioVersion = 16.0.31729.503
MinimumVisualStudioVersion = 10.0.40219.1
Project("{FAE04EC0-301F-11D3-BF4B-00C04F79EFBC}") = "ServerChatApp_121_AnggitaTyasmara", "ServerChatApp_121_AnggitaTyasmara\ServerChatApp_121_AnggitaTyasmara.csproj", "{122C169D-D187-488E-AAEF-EB7035C6B942}"
EndProject
Global
	GlobalSection(SolutionConfigurationPlatforms) = preSolution
		Debug|Any CPU = Debug|Any CPU
		Release|Any CPU = Release|Any CPU
	EndGlobalSection
	GlobalSection(ProjectConfigurationPlatforms) = postSolution
		{122C169D-D187-488E-AAEF-EB7035C6B942}.Debug|Any CPU.ActiveCfg = Debug|Any CPU
		{122C169D-D187-488E-AAEF-EB7035C6B942}.Debug|Any CPU.Build.0 = Debug|Any CPU
		{122C169D-D187-488E-AAEF-EB7035C6B942}.Release|Any CPU.ActiveCfg = Release|Any CPU
		{122C169D-D187-488E-AAEF-EB7035C6B942}.Release|Any CPU.Build.0 = Release|Any CPU
	EndGlobalSection
	GlobalSection(SolutionProperties) = preSolution
		HideSolutionNode = FALSE
	EndGlobalSection
	GlobalSection(ExtensibilityGlobals) = postSolution
		SolutionGuid = {ADB0D926-DA70-498F-ADD9-E36FC31938AD}
	EndGlobalSection
EndGlobal
